
Microsoft Visual Studio Solution File, Format Version 12.00
# Visual Studio Version 16
VisualStudioVersion = 16.0.28803.156
MinimumVisualStudioVersion = 10.0.40219.1
Project("{9A19103F-16F7-4668-BE54-9A1E7A4F7556}") = "FixingProject", "FixingProject\FixingProject.csproj", "{D6F18E24-E883-4D26-8E53-0EEE382B80E3}"
EndProject
Global
	GlobalSection(SolutionConfigurationPlatforms) = preSolution
		Debug|Any CPU = Debug|Any CPU
		Release|Any CPU = Release|Any CPU
	EndGlobalSection
	GlobalSection(ProjectConfigurationPlatforms) = postSolution
		{D6F18E24-E883-4D26-8E53-0EEE382B80E3}.Debug|Any CPU.ActiveCfg = Debug|Any CPU
		{D6F18E24-E883-4D26-8E53-0EEE382B80E3}.Debug|Any CPU.Build.0 = Debug|Any CPU
		{D6F18E24-E883-4D26-8E53-0EEE382B80E3}.Release|Any CPU.ActiveCfg = Release|Any CPU
		{D6F18E24-E883-4D26-8E53-0EEE382B80E3}.Release|Any CPU.Build.0 = Release|Any CPU
	EndGlobalSection
	GlobalSection(SolutionProperties) = preSolution
		HideSolutionNode = FALSE
	EndGlobalSection
	GlobalSection(ExtensibilityGlobals) = postSolution
		SolutionGuid = {72D24FCD-941A-4646-B5E7-CE5962457A5D}
	EndGlobalSection
EndGlobal
